
Microsoft Visual Studio Solution File, Format Version 12.00
# Visual Studio Version 17
VisualStudioVersion = 17.8.34525.116
MinimumVisualStudioVersion = 10.0.40219.1
Project("{9A19103F-16F7-4668-BE54-9A1E7A4F7556}") = "CNN", "CNN\CNN.csproj", "{D7BC64B9-D35A-481A-AEAC-0F58A0AA2037}"
EndProject
Project("{2150E333-8FDC-42A3-9474-1A3956D46DE8}") = "Элементы решения", "Элементы решения", "{4735304C-F301-4A81-A99B-3160712255DA}"
	ProjectSection(SolutionItems) = preProject
		Readme.md = Readme.md
	EndProjectSection
EndProject
Global
	GlobalSection(SolutionConfigurationPlatforms) = preSolution
		Debug|Any CPU = Debug|Any CPU
		Release|Any CPU = Release|Any CPU
	EndGlobalSection
	GlobalSection(ProjectConfigurationPlatforms) = postSolution
		{D7BC64B9-D35A-481A-AEAC-0F58A0AA2037}.Debug|Any CPU.ActiveCfg = Debug|Any CPU
		{D7BC64B9-D35A-481A-AEAC-0F58A0AA2037}.Debug|Any CPU.Build.0 = Debug|Any CPU
		{D7BC64B9-D35A-481A-AEAC-0F58A0AA2037}.Release|Any CPU.ActiveCfg = Release|Any CPU
		{D7BC64B9-D35A-481A-AEAC-0F58A0AA2037}.Release|Any CPU.Build.0 = Release|Any CPU
	EndGlobalSection
	GlobalSection(SolutionProperties) = preSolution
		HideSolutionNode = FALSE
	EndGlobalSection
	GlobalSection(ExtensibilityGlobals) = postSolution
		SolutionGuid = {357D755F-3C70-4958-868B-A317B5473D8C}
	EndGlobalSection
EndGlobal
